{
  "name": "lsj-bbbbb",
  "version": "1.0.0",
  "lockfileVersion": 2,
  "requires": true,
  "packages": {
    "": {
      "version": "1.0.0",
      "license": "ISC",
      "dependencies": {
        "bvid": "^1.1.1"
      }
    },
    "node_modules/bvid": {
      "version": "1.1.1",
      "resolved": "https://registry.npm.taobao.org/bvid/download/bvid-1.1.1.tgz",
      "integrity": "sha1-1Z4VYf1fdaGBLkpkG96Pvap7YTk="
    }
  },
  "dependencies": {
    "bvid": {
      "version": "1.1.1",
      "resolved": "https://registry.npm.taobao.org/bvid/download/bvid-1.1.1.tgz",
      "integrity": "sha1-1Z4VYf1fdaGBLkpkG96Pvap7YTk="
    }
  }
}
